
Microsoft Visual Studio Solution File, Format Version 12.00
# Visual Studio Version 16
VisualStudioVersion = 16.0.30621.155
MinimumVisualStudioVersion = 10.0.40219.1
Project("{FAE04EC0-301F-11D3-BF4B-00C04F79EFBC}") = "PP0506A", "PP0506A.csproj", "{1FD9179B-2154-41ED-A2D2-E3C29B2A916C}"
EndProject
Global
	GlobalSection(SolutionConfigurationPlatforms) = preSolution
		Debug|Any CPU = Debug|Any CPU
		Release|Any CPU = Release|Any CPU
	EndGlobalSection
	GlobalSection(ProjectConfigurationPlatforms) = postSolution
		{1FD9179B-2154-41ED-A2D2-E3C29B2A916C}.Debug|Any CPU.ActiveCfg = Debug|Any CPU
		{1FD9179B-2154-41ED-A2D2-E3C29B2A916C}.Debug|Any CPU.Build.0 = Debug|Any CPU
		{1FD9179B-2154-41ED-A2D2-E3C29B2A916C}.Release|Any CPU.ActiveCfg = Release|Any CPU
		{1FD9179B-2154-41ED-A2D2-E3C29B2A916C}.Release|Any CPU.Build.0 = Release|Any CPU
	EndGlobalSection
	GlobalSection(SolutionProperties) = preSolution
		HideSolutionNode = FALSE
	EndGlobalSection
	GlobalSection(ExtensibilityGlobals) = postSolution
		SolutionGuid = {B3DE72DB-532D-4A52-8F87-AB173493F9C7}
	EndGlobalSection
EndGlobal
